
Microsoft Visual Studio Solution File, Format Version 12.00
# Visual Studio Version 17
VisualStudioVersion = 17.7.34031.279
MinimumVisualStudioVersion = 10.0.40219.1
Project("{9A19103F-16F7-4668-BE54-9A1E7A4F7556}") = "ThreadTester", "ThreadTester\ThreadTester.csproj", "{D532D8A2-6E73-4C52-A85A-D09AE8F941FC}"
EndProject
Project("{9A19103F-16F7-4668-BE54-9A1E7A4F7556}") = "ThreadPool", "ThreadPool\ThreadPool.csproj", "{A97DBD78-1169-41A7-9CB8-5553DB98658E}"
EndProject
Project("{FAE04EC0-301F-11D3-BF4B-00C04F79EFBC}") = "Synchronization", "Synchronization\Synchronization.csproj", "{8E155EC8-792F-4EB9-894D-715ACA776A36}"
EndProject
Global
	GlobalSection(SolutionConfigurationPlatforms) = preSolution
		Debug|Any CPU = Debug|Any CPU
		Release|Any CPU = Release|Any CPU
	EndGlobalSection
	GlobalSection(ProjectConfigurationPlatforms) = postSolution
		{D532D8A2-6E73-4C52-A85A-D09AE8F941FC}.Debug|Any CPU.ActiveCfg = Debug|Any CPU
		{D532D8A2-6E73-4C52-A85A-D09AE8F941FC}.Debug|Any CPU.Build.0 = Debug|Any CPU
		{D532D8A2-6E73-4C52-A85A-D09AE8F941FC}.Release|Any CPU.ActiveCfg = Release|Any CPU
		{D532D8A2-6E73-4C52-A85A-D09AE8F941FC}.Release|Any CPU.Build.0 = Release|Any CPU
		{A97DBD78-1169-41A7-9CB8-5553DB98658E}.Debug|Any CPU.ActiveCfg = Debug|Any CPU
		{A97DBD78-1169-41A7-9CB8-5553DB98658E}.Debug|Any CPU.Build.0 = Debug|Any CPU
		{A97DBD78-1169-41A7-9CB8-5553DB98658E}.Release|Any CPU.ActiveCfg = Release|Any CPU
		{A97DBD78-1169-41A7-9CB8-5553DB98658E}.Release|Any CPU.Build.0 = Release|Any CPU
		{8E155EC8-792F-4EB9-894D-715ACA776A36}.Debug|Any CPU.ActiveCfg = Debug|Any CPU
		{8E155EC8-792F-4EB9-894D-715ACA776A36}.Debug|Any CPU.Build.0 = Debug|Any CPU
		{8E155EC8-792F-4EB9-894D-715ACA776A36}.Release|Any CPU.ActiveCfg = Release|Any CPU
		{8E155EC8-792F-4EB9-894D-715ACA776A36}.Release|Any CPU.Build.0 = Release|Any CPU
	EndGlobalSection
	GlobalSection(SolutionProperties) = preSolution
		HideSolutionNode = FALSE
	EndGlobalSection
	GlobalSection(ExtensibilityGlobals) = postSolution
		SolutionGuid = {2E9B913A-54B1-4391-A908-AACC37252003}
	EndGlobalSection
EndGlobal
